# This file is automatically @generated by Cargo.
# It is not intended for manual editing.
version = 3

[[package]]
name = "aho-corasick"
version = "0.7.20"
source = "registry+https://github.com/rust-lang/crates.io-index"
checksum = "cc936419f96fa211c1b9166887b38e5e40b19958e5b895be7c1f93adec7071ac"
dependencies = [
 "memchr",
]

[[package]]
name = "cc"
version = "1.0.77"
source = "registry+https://github.com/rust-lang/crates.io-index"
checksum = "e9f73505338f7d905b19d18738976aae232eb46b8efc15554ffc56deb5d9ebe4"

[[package]]
name = "cfg-if"
version = "1.0.0"
source = "registry+https://github.com/rust-lang/crates.io-index"
checksum = "baf1de4339761588bc0619e3cbc0120ee582ebb74b53b4efbf79117bd2da40fd"

[[package]]
name = "highlight"
version = "0.0.0"
dependencies = [
 "neon",
 "tree-sitter-c",
 "tree-sitter-highlight",
 "tree-sitter-javascript",
 "tree-sitter-rust",
 "tree-sitter-typescript",
 "tree-sitter-x86asm",
]

[[package]]
name = "libloading"
version = "0.7.4"
source = "registry+https://github.com/rust-lang/crates.io-index"
checksum = "b67380fd3b2fbe7527a606e18729d21c6f3951633d0500574c4dc22d2d638b9f"
dependencies = [
 "cfg-if",
 "winapi",
]

[[package]]
name = "memchr"
version = "2.5.0"
source = "registry+https://github.com/rust-lang/crates.io-index"
checksum = "2dffe52ecf27772e601905b7522cb4ef790d2cc203488bbd0e2fe85fcb74566d"

[[package]]
name = "neon"
version = "1.0.0-alpha.4"
source = "registry+https://github.com/rust-lang/crates.io-index"
checksum = "8687031acf51f8b065aaf906b5a694f8d6b547c5c9430b6d636ab42422bfd0cc"
dependencies = [
 "libloading",
 "neon-macros",
 "once_cell",
 "semver",
 "send_wrapper",
 "smallvec",
]

[[package]]
name = "neon-macros"
version = "1.0.0-alpha.4"
source = "registry+https://github.com/rust-lang/crates.io-index"
checksum = "facd664405d5140677a63d7b7c5762425dd9d4179e07d2e67da29089c50b1ddd"
dependencies = [
 "quote",
 "syn",
 "syn-mid",
]

[[package]]
name = "once_cell"
version = "1.16.0"
source = "registry+https://github.com/rust-lang/crates.io-index"
checksum = "86f0b0d4bf799edbc74508c1e8bf170ff5f41238e5f8225603ca7caaae2b7860"

[[package]]
name = "proc-macro2"
version = "1.0.47"
source = "registry+https://github.com/rust-lang/crates.io-index"
checksum = "5ea3d908b0e36316caf9e9e2c4625cdde190a7e6f440d794667ed17a1855e725"
dependencies = [
 "unicode-ident",
]

[[package]]
name = "quote"
version = "1.0.21"
source = "registry+https://github.com/rust-lang/crates.io-index"
checksum = "bbe448f377a7d6961e30f5955f9b8d106c3f5e449d493ee1b125c1d43c2b5179"
dependencies = [
 "proc-macro2",
]

[[package]]
name = "regex"
version = "1.7.0"
source = "registry+https://github.com/rust-lang/crates.io-index"
checksum = "e076559ef8e241f2ae3479e36f97bd5741c0330689e217ad51ce2c76808b868a"
dependencies = [
 "aho-corasick",
 "memchr",
 "regex-syntax",
]

[[package]]
name = "regex-syntax"
version = "0.6.28"
source = "registry+https://github.com/rust-lang/crates.io-index"
checksum = "456c603be3e8d448b072f410900c09faf164fbce2d480456f50eea6e25f9c848"

[[package]]
name = "semver"
version = "1.0.14"
source = "registry+https://github.com/rust-lang/crates.io-index"
checksum = "e25dfac463d778e353db5be2449d1cce89bd6fd23c9f1ea21310ce6e5a1b29c4"

[[package]]
name = "send_wrapper"
version = "0.6.0"
source = "registry+https://github.com/rust-lang/crates.io-index"
checksum = "cd0b0ec5f1c1ca621c432a25813d8d60c88abe6d3e08a3eb9cf37d97a0fe3d73"

[[package]]
name = "smallvec"
version = "1.10.0"
source = "registry+https://github.com/rust-lang/crates.io-index"
checksum = "a507befe795404456341dfab10cef66ead4c041f62b8b11bbb92bffe5d0953e0"

[[package]]
name = "syn"
version = "1.0.105"
source = "registry+https://github.com/rust-lang/crates.io-index"
checksum = "60b9b43d45702de4c839cb9b51d9f529c5dd26a4aff255b42b1ebc03e88ee908"
dependencies = [
 "proc-macro2",
 "quote",
 "unicode-ident",
]

[[package]]
name = "syn-mid"
version = "0.5.3"
source = "registry+https://github.com/rust-lang/crates.io-index"
checksum = "baa8e7560a164edb1621a55d18a0c59abf49d360f47aa7b821061dd7eea7fac9"
dependencies = [
 "proc-macro2",
 "quote",
 "syn",
]

[[package]]
name = "thiserror"
version = "1.0.37"
source = "registry+https://github.com/rust-lang/crates.io-index"
checksum = "10deb33631e3c9018b9baf9dcbbc4f737320d2b576bac10f6aefa048fa407e3e"
dependencies = [
 "thiserror-impl",
]

[[package]]
name = "thiserror-impl"
version = "1.0.37"
source = "registry+https://github.com/rust-lang/crates.io-index"
checksum = "982d17546b47146b28f7c22e3d08465f6b8903d0ea13c1660d9d84a6e7adcdbb"
dependencies = [
 "proc-macro2",
 "quote",
 "syn",
]

[[package]]
name = "tree-sitter"
version = "0.20.10"
source = "registry+https://github.com/rust-lang/crates.io-index"
checksum = "e747b1f9b7b931ed39a548c1fae149101497de3c1fc8d9e18c62c1a66c683d3d"
dependencies = [
 "cc",
 "regex",
]

[[package]]
name = "tree-sitter-c"
version = "0.20.4"
source = "registry+https://github.com/rust-lang/crates.io-index"
checksum = "fa1bb73a4101c88775e4fefcd0543ee25e192034484a5bd45cb99eefb997dca9"
dependencies = [
 "cc",
 "tree-sitter",
]

[[package]]
name = "tree-sitter-highlight"
version = "0.20.1"
source = "registry+https://github.com/rust-lang/crates.io-index"
checksum = "042342584c5a7a0b833d9fc4e2bdab3f9868ddc6c4b339a1e01451c6720868bc"
dependencies = [
 "regex",
 "thiserror",
 "tree-sitter",
]

[[package]]
name = "tree-sitter-javascript"
version = "0.20.0"
source = "registry+https://github.com/rust-lang/crates.io-index"
checksum = "2490fab08630b2c8943c320f7b63473cbf65511c8d83aec551beb9b4375906ed"
dependencies = [
 "cc",
 "tree-sitter",
]

[[package]]
name = "tree-sitter-rust"
version = "0.20.3"
source = "registry+https://github.com/rust-lang/crates.io-index"
checksum = "797842733e252dc11ae5d403a18060bf337b822fc2ae5ddfaa6ff4d9cc20bda6"
dependencies = [
 "cc",
 "tree-sitter",
]

[[package]]
name = "tree-sitter-typescript"
version = "0.20.2"
source = "registry+https://github.com/rust-lang/crates.io-index"
checksum = "079c695c32d39ad089101c66393aeaca30e967fba3486a91f573d2f0e12d290a"
dependencies = [
 "cc",
 "tree-sitter",
]

[[package]]
name = "tree-sitter-x86asm"
version = "0.0.1"
source = "git+https://github.com/bearcove/tree-sitter-x86asm#ca72933e74ea3b3f995bc4b245f03328554f1e65"
dependencies = [
 "cc",
 "tree-sitter",
]

[[package]]
name = "unicode-ident"
version = "1.0.5"
source = "registry+https://github.com/rust-lang/crates.io-index"
checksum = "6ceab39d59e4c9499d4e5a8ee0e2735b891bb7308ac83dfb4e80cad195c9f6f3"

[[package]]
name = "winapi"
version = "0.3.9"
source = "registry+https://github.com/rust-lang/crates.io-index"
checksum = "5c839a674fcd7a98952e593242ea400abe93992746761e38641405d28b00f419"
dependencies = [
 "winapi-i686-pc-windows-gnu",
 "winapi-x86_64-pc-windows-gnu",
]

[[package]]
name = "winapi-i686-pc-windows-gnu"
version = "0.4.0"
source = "registry+https://github.com/rust-lang/crates.io-index"
checksum = "ac3b87c63620426dd9b991e5ce0329eff545bccbbb34f3be09ff6fb6ab51b7b6"

[[package]]
name = "winapi-x86_64-pc-windows-gnu"
version = "0.4.0"
source = "registry+https://github.com/rust-lang/crates.io-index"
checksum = "712e227841d057c1ee1cd2fb22fa7e5a5461ae8e48fa2ca79ec42cfc1931183f"
